<?xml version="1.0" encoding="utf-8"?>
<Project ToolsVersion="4.0" xmlns="http://schemas.microsoft.com/developer/msbuild/2003">
  <ItemGroup>
    <Filter Include="Renderer">
      <UniqueIdentifier>{fe78f687-6e11-4ba7-a867-2463f6c1027d}</UniqueIdentifier>
    </Filter>
    <Filter Include="Renderer\Terrain">
      <UniqueIdentifier>{46b76bc1-1572-45b4-a97a-37f3e1888845}</UniqueIdentifier>
    </Filter>
    <Filter Include="Renderer\Physics_CS">
      <UniqueIdentifier>{5a70d3bd-cd83-4945-b01e-324cfbf72613}</UniqueIdentifier>
    </Filter>
    <Filter Include="Renderer\Terrain\Shader">
      <UniqueIdentifier>{95734b9e-b144-4d67-84c2-78f3f1efd10b}</UniqueIdentifier>
    </Filter>
    <Filter Include="Renderer\Terrain\Header">
      <UniqueIdentifier>{8ec4c38b-c256-43da-9f15-67327b8b8636}</UniqueIdentifier>
    </Filter>
    <Filter Include="Renderer\Terrain\Source">
      <UniqueIdentifier>{2b7391d1-8e49-4377-b9b7-00e4fbb51e3d}</UniqueIdentifier>
    </Filter>
    <Filter Include="Renderer\Physics_CS\Shader">
      <UniqueIdentifier>{d969a9ba-68b1-4985-9348-6f6e40626a0e}</UniqueIdentifier>
    </Filter>
    <Filter Include="Renderer\Physics_CS\Source">
      <UniqueIdentifier>{099b32e5-b5e3-4664-af1b-98a4593219ce}</UniqueIdentifier>
    </Filter>
    <Filter Include="Renderer\Physics_CS\Header">
      <UniqueIdentifier>{5e999a08-bd7f-4bc1-87aa-13d1328c3dc2}</UniqueIdentifier>
    </Filter>
    <Filter Include="Renderer\Skymap">
      <UniqueIdentifier>{c30a9a51-7e4e-41a7-a28e-69b53522cd91}</UniqueIdentifier>
    </Filter>
    <Filter Include="Renderer\Skymap\Source">
      <UniqueIdentifier>{05b4cd31-0cf7-4f77-a596-e93245417433}</UniqueIdentifier>
    </Filter>
    <Filter Include="Renderer\Skymap\Header">
      <UniqueIdentifier>{d152c3c8-a858-439a-981b-a63e87d15a39}</UniqueIdentifier>
    </Filter>
    <Filter Include="Renderer\Skymap\Shader">
      <UniqueIdentifier>{c1808f46-14be-4826-9076-6217f4b98503}</UniqueIdentifier>
    </Filter>
    <Filter Include="Renderer\Particles">
      <UniqueIdentifier>{eee559eb-0d83-4d53-900a-426fe99cfb67}</UniqueIdentifier>
    </Filter>
    <Filter Include="Renderer\Particles\Header">
      <UniqueIdentifier>{e56a4d14-3359-41ce-9efd-17b4ea316fd7}</UniqueIdentifier>
    </Filter>
    <Filter Include="Renderer\Particles\Shader">
      <UniqueIdentifier>{d1a501a9-fe97-428d-a0b9-435af8c20da2}</UniqueIdentifier>
    </Filter>
    <Filter Include="Renderer\Particles\Source">
      <UniqueIdentifier>{79fed181-0c18-4685-a1fe-97f2335b5392}</UniqueIdentifier>
    </Filter>
    <Filter Include="Renderer\Model">
      <UniqueIdentifier>{10cbc596-8c72-40e1-a209-cdc2bd457f7f}</UniqueIdentifier>
    </Filter>
    <Filter Include="Renderer\Model\Animated">
      <UniqueIdentifier>{b55fbe35-ec83-48b4-bf23-07066274e0fb}</UniqueIdentifier>
    </Filter>
    <Filter Include="Renderer\Model\Static">
      <UniqueIdentifier>{a2c240c2-b266-4c57-954f-82c2eb81f4cb}</UniqueIdentifier>
    </Filter>
    <Filter Include="Renderer\Model\Animated\Resource">
      <UniqueIdentifier>{d161dd3c-4972-45fe-ab5f-f3945757db2f}</UniqueIdentifier>
    </Filter>
    <Filter Include="Renderer\Model\Animated\Header">
      <UniqueIdentifier>{8c22901d-085e-4010-b58d-1b91be393953}</UniqueIdentifier>
    </Filter>
    <Filter Include="Renderer\Model\Animated\Shader">
      <UniqueIdentifier>{cd145c78-bd37-453c-a8ea-fa31ca0854c1}</UniqueIdentifier>
    </Filter>
    <Filter Include="Renderer\Model\Animated\Source">
      <UniqueIdentifier>{e7bbfced-3d33-4deb-b98d-5d63224e20e7}</UniqueIdentifier>
    </Filter>
    <Filter Include="Renderer\Model\Static\Header">
      <UniqueIdentifier>{11d35317-221c-4f2f-92ec-f242616d01cf}</UniqueIdentifier>
    </Filter>
    <Filter Include="Renderer\Model\Static\Resource">
      <UniqueIdentifier>{cfc3b3fd-ac50-4c2d-8485-9698abe2a453}</UniqueIdentifier>
    </Filter>
    <Filter Include="Renderer\Model\Static\Shader">
      <UniqueIdentifier>{b10ad422-9b4f-49b3-8817-5a2d9886035d}</UniqueIdentifier>
    </Filter>
    <Filter Include="Renderer\Model\Static\Source">
      <UniqueIdentifier>{fe83a049-9394-4924-910d-ab77e5eb202b}</UniqueIdentifier>
    </Filter>
    <Filter Include="Renderer\Model\Common">
      <UniqueIdentifier>{ad9e13cb-9b50-4db8-86b3-944005dbfbe2}</UniqueIdentifier>
    </Filter>
    <Filter Include="Renderer\Model\Common\Header">
      <UniqueIdentifier>{b04444c8-4d70-42a1-9b8b-5d483f728d78}</UniqueIdentifier>
    </Filter>
    <Filter Include="Renderer\Model\Common\Source">
      <UniqueIdentifier>{6a16b007-b6ad-4b0d-b46a-6dae61278ee3}</UniqueIdentifier>
    </Filter>
    <Filter Include="Renderer\Common">
      <UniqueIdentifier>{3c58d8b2-17ed-4cce-9846-3884bd3e0be0}</UniqueIdentifier>
    </Filter>
    <Filter Include="Renderer\Common\Shader">
      <UniqueIdentifier>{9b898e0e-0518-4c4c-bb99-cb7b7cc29163}</UniqueIdentifier>
    </Filter>
    <Filter Include="GameLogic">
      <UniqueIdentifier>{53b33f90-308f-4eb3-8370-83cc1c3b1a37}</UniqueIdentifier>
    </Filter>
    <Filter Include="Common">
      <UniqueIdentifier>{fa99f85d-1ae9-42ba-8a86-034885ac006f}</UniqueIdentifier>
    </Filter>
    <Filter Include="Common\Header">
      <UniqueIdentifier>{e0303540-b595-4d19-9860-285c1e68a49c}</UniqueIdentifier>
    </Filter>
    <Filter Include="Common\Source">
      <UniqueIdentifier>{0211cb9f-d90f-4a99-ba43-d2d889f10551}</UniqueIdentifier>
    </Filter>
    <Filter Include="Renderer\Common\Header">
      <UniqueIdentifier>{a1de985e-a6bf-412e-a19c-1300f7c3dddd}</UniqueIdentifier>
    </Filter>
    <Filter Include="Renderer\Common\Source">
      <UniqueIdentifier>{86533146-f457-4901-beaf-cbd28e5d44e8}</UniqueIdentifier>
    </Filter>
    <Filter Include="GameLogic\Character">
      <UniqueIdentifier>{4077cc65-ea44-4ad5-ba9a-d9b248069bb0}</UniqueIdentifier>
    </Filter>
    <Filter Include="GameLogic\Character\Common">
      <UniqueIdentifier>{59eb50ea-2d20-4f06-a7db-46c32ec45142}</UniqueIdentifier>
    </Filter>
    <Filter Include="GameLogic\Character\Common\Header">
      <UniqueIdentifier>{a31acba4-55e4-4f9d-a0bf-89db0933d443}</UniqueIdentifier>
    </Filter>
    <Filter Include="GameLogic\Character\Common\Source">
      <UniqueIdentifier>{e30c16e3-8b16-4c71-8ee4-c794cdd8d9c3}</UniqueIdentifier>
    </Filter>
    <Filter Include="GameLogic\Character\Player">
      <UniqueIdentifier>{838978fa-64c6-41d9-9084-2c2dda0d0b5f}</UniqueIdentifier>
    </Filter>
    <Filter Include="GameLogic\Character\Player\Header">
      <UniqueIdentifier>{7a12c0ee-6422-4aae-9779-5d8c6abbd84f}</UniqueIdentifier>
    </Filter>
    <Filter Include="GameLogic\Character\Player\Source">
      <UniqueIdentifier>{06e364f1-6918-4d4d-8518-41e14c09b615}</UniqueIdentifier>
    </Filter>
    <Filter Include="GameLogic\Controller">
      <UniqueIdentifier>{a4f8900e-abeb-4788-88e0-68d2b97848c0}</UniqueIdentifier>
    </Filter>
    <Filter Include="GameLogic\Controller\Header">
      <UniqueIdentifier>{6af8db1b-e929-4d0e-9269-dd54154b3dbb}</UniqueIdentifier>
    </Filter>
    <Filter Include="GameLogic\Controller\Source">
      <UniqueIdentifier>{61114bf2-de53-4460-8d8d-fa2f759f5d27}</UniqueIdentifier>
    </Filter>
    <Filter Include="GameManager">
      <UniqueIdentifier>{8a61d7e5-1bb5-47ae-b400-bd470ba13ea3}</UniqueIdentifier>
    </Filter>
    <Filter Include="GameManager\Common">
      <UniqueIdentifier>{8642b9ac-d4af-464b-9475-2f37efe37e50}</UniqueIdentifier>
    </Filter>
    <Filter Include="GameManager\Common\Header">
      <UniqueIdentifier>{4ffbfef0-47f5-4d44-92dc-a380096b8397}</UniqueIdentifier>
    </Filter>
    <Filter Include="GameManager\Common\Source">
      <UniqueIdentifier>{cb823415-3117-4ffa-bdc3-fa08ddb405a4}</UniqueIdentifier>
    </Filter>
    <Filter Include="GameManager\Keyboard">
      <UniqueIdentifier>{b6d2221c-8dc0-4824-9394-aa5e2ca5ffa3}</UniqueIdentifier>
    </Filter>
    <Filter Include="GameManager\Keyboard\Header">
      <UniqueIdentifier>{3546e095-23a5-47b1-95bb-154c4248e9e7}</UniqueIdentifier>
    </Filter>
    <Filter Include="GameManager\Keyboard\Source">
      <UniqueIdentifier>{48050210-8b6f-4159-b3b4-7e14d73ece78}</UniqueIdentifier>
    </Filter>
    <Filter Include="GameManager\Mouse">
      <UniqueIdentifier>{e97a999e-0b43-4d65-9cf7-1aad3e007611}</UniqueIdentifier>
    </Filter>
    <Filter Include="GameManager\Mouse\Header">
      <UniqueIdentifier>{98e988b2-a9b1-4c03-b9a0-eda49bb85a48}</UniqueIdentifier>
    </Filter>
    <Filter Include="GameManager\Mouse\Source">
      <UniqueIdentifier>{3c51a484-6cef-4db1-9909-ab1698bdb6ab}</UniqueIdentifier>
    </Filter>
    <Filter Include="GameManager\Display">
      <UniqueIdentifier>{dbd573c7-4649-4bab-ab61-5aacb9f0f891}</UniqueIdentifier>
    </Filter>
    <Filter Include="GameManager\Display\Header">
      <UniqueIdentifier>{ef8a58fa-d9ff-4efd-88b5-7a44c1cc5148}</UniqueIdentifier>
    </Filter>
    <Filter Include="GameManager\Display\Source">
      <UniqueIdentifier>{be8a4dd9-87e7-4d2e-86b5-6f06a070c93c}</UniqueIdentifier>
    </Filter>
    <Filter Include="GameManager\Idle">
      <UniqueIdentifier>{94e251d2-817b-42e5-bd61-8718c867a969}</UniqueIdentifier>
    </Filter>
    <Filter Include="GameManager\Idle\Header">
      <UniqueIdentifier>{a126e548-083a-4fc8-8a19-f56bf707b34b}</UniqueIdentifier>
    </Filter>
    <Filter Include="GameManager\Idle\Source">
      <UniqueIdentifier>{45ac83e1-1736-4330-a3d8-86c49d004146}</UniqueIdentifier>
    </Filter>
    <Filter Include="Renderer\Water">
      <UniqueIdentifier>{39f5e2de-603e-4549-90ee-64823fc453b1}</UniqueIdentifier>
    </Filter>
    <Filter Include="Renderer\Water\Header">
      <UniqueIdentifier>{1ba9684c-7acd-4f25-a298-358b97b63b93}</UniqueIdentifier>
    </Filter>
    <Filter Include="Renderer\Water\Shader">
      <UniqueIdentifier>{109670bf-a9c9-4c33-badf-c3b28191a9eb}</UniqueIdentifier>
    </Filter>
    <Filter Include="Renderer\Water\Source">
      <UniqueIdentifier>{aeb0081d-8fca-456e-8616-0e9592ca1c55}</UniqueIdentifier>
    </Filter>
    <Filter Include="Renderer\Model\Common\Shader">
      <UniqueIdentifier>{0864f5cc-8f6b-47a0-9720-9ec011465525}</UniqueIdentifier>
    </Filter>
    <Filter Include="GameManager\Common\Resource">
      <UniqueIdentifier>{f93f8291-d500-4c8a-95c1-9ee81e3d96ac}</UniqueIdentifier>
    </Filter>
    <Filter Include="GameManager\WindowMenu">
      <UniqueIdentifier>{f3cdabe3-3e02-48ea-93f5-afa91aa9edbe}</UniqueIdentifier>
    </Filter>
    <Filter Include="GameManager\WindowMenu\Header">
      <UniqueIdentifier>{09ee2b71-0b1d-413d-a230-0960adf5b450}</UniqueIdentifier>
    </Filter>
    <Filter Include="GameManager\WindowMenu\Source">
      <UniqueIdentifier>{a9681db2-410b-4366-806b-72f329243af1}</UniqueIdentifier>
    </Filter>
    <Filter Include="GameManager\GUI">
      <UniqueIdentifier>{52450dc8-cdc8-4526-be5a-57277be8324b}</UniqueIdentifier>
    </Filter>
    <Filter Include="GameManager\GUI\Header">
      <UniqueIdentifier>{345e29e3-b8b1-4e90-823a-57729da39121}</UniqueIdentifier>
    </Filter>
    <Filter Include="GameManager\GUI\Source">
      <UniqueIdentifier>{27383135-7bf9-4adc-bda7-f1f45e1657a4}</UniqueIdentifier>
    </Filter>
    <Filter Include="Renderer\GUI">
      <UniqueIdentifier>{ad0f3b87-a6a6-4a05-8616-cabd6dbed40f}</UniqueIdentifier>
    </Filter>
    <Filter Include="Renderer\GUI\Header">
      <UniqueIdentifier>{6790e054-f0fd-4b68-bee9-09e10c7ab83c}</UniqueIdentifier>
    </Filter>
    <Filter Include="Renderer\GUI\Source">
      <UniqueIdentifier>{ea84e5d3-4cc7-4355-860b-24fe94812a4e}</UniqueIdentifier>
    </Filter>
    <Filter Include="Renderer\GUI\Shader">
      <UniqueIdentifier>{d198ac69-0d73-45f2-af86-366bb5b0ea9b}</UniqueIdentifier>
    </Filter>
    <Filter Include="Renderer\Postprocess">
      <UniqueIdentifier>{71641eca-c1ea-4166-bdc2-721bc7c82b00}</UniqueIdentifier>
    </Filter>
    <Filter Include="Renderer\Postprocess\Header">
      <UniqueIdentifier>{0071f956-c9e3-4220-81ef-8fdabbc9c65c}</UniqueIdentifier>
    </Filter>
    <Filter Include="Renderer\Postprocess\Source">
      <UniqueIdentifier>{f502a6cc-40e0-4cf4-b84a-b6df785cd9c1}</UniqueIdentifier>
    </Filter>
    <Filter Include="Renderer\Postprocess\Shader">
      <UniqueIdentifier>{5aaf3576-cf46-4cf6-b5f3-ab749fced291}</UniqueIdentifier>
    </Filter>
    <Filter Include="Renderer\Model\Billboard">
      <UniqueIdentifier>{0409f7f8-ca3d-4156-91b4-1b581d28d145}</UniqueIdentifier>
    </Filter>
  </ItemGroup>
  <ItemGroup>
    <ClCompile Include="Render_Terrain.cpp">
      <Filter>Renderer\Terrain\Source</Filter>
    </ClCompile>
    <ClCompile Include="Var_Compute.cpp">
      <Filter>Renderer\Terrain\Source</Filter>
    </ClCompile>
    <ClCompile Include="Render_Physics_CS.cpp">
      <Filter>Renderer\Physics_CS\Source</Filter>
    </ClCompile>
    <ClCompile Include="Mesh_Terrain.cpp">
      <Filter>Renderer\Terrain\Source</Filter>
    </ClCompile>
    <ClCompile Include="Mesh_Sphere.cpp">
      <Filter>Renderer\Skymap\Source</Filter>
    </ClCompile>
    <ClCompile Include="Render_Sphere.cpp">
      <Filter>Renderer\Skymap\Source</Filter>
    </ClCompile>
    <ClCompile Include="Render_Particles.cpp">
      <Filter>Renderer\Particles\Source</Filter>
    </ClCompile>
    <ClCompile Include="Particles.cpp">
      <Filter>Renderer\Particles\Source</Filter>
    </ClCompile>
    <ClCompile Include="Model_Animation.cpp">
      <Filter>Renderer\Model\Animated\Source</Filter>
    </ClCompile>
    <ClCompile Include="Model_NodeAnim.cpp">
      <Filter>Renderer\Model\Animated\Source</Filter>
    </ClCompile>
    <ClCompile Include="Render_Models_Animated.cpp">
      <Filter>Renderer\Model\Animated\Source</Filter>
    </ClCompile>
    <ClCompile Include="Model_Scene_Animated.cpp">
      <Filter>Renderer\Model\Animated\Source</Filter>
    </ClCompile>
    <ClCompile Include="Model_Node.cpp">
      <Filter>Renderer\Model\Common\Source</Filter>
    </ClCompile>
    <ClCompile Include="Model_Bone.cpp">
      <Filter>Renderer\Model\Common\Source</Filter>
    </ClCompile>
    <ClCompile Include="Model_Mesh_Animated.cpp">
      <Filter>Renderer\Model\Animated\Source</Filter>
    </ClCompile>
    <ClCompile Include="Model_Material.cpp">
      <Filter>Renderer\Model\Common\Source</Filter>
    </ClCompile>
    <ClCompile Include="Model_List.cpp">
      <Filter>Renderer\Model\Common\Source</Filter>
    </ClCompile>
    <ClCompile Include="Render_Models_Static.cpp">
      <Filter>Renderer\Model\Static\Source</Filter>
    </ClCompile>
    <ClCompile Include="Model_Mesh_Static.cpp">
      <Filter>Renderer\Model\Static\Source</Filter>
    </ClCompile>
    <ClCompile Include="Model_Scene_Static.cpp">
      <Filter>Renderer\Model\Static\Source</Filter>
    </ClCompile>
    <ClCompile Include="GlobalFunctions.cpp">
      <Filter>Common\Source</Filter>
    </ClCompile>
    <ClCompile Include="Main.cpp">
      <Filter>Common\Source</Filter>
    </ClCompile>
    <ClCompile Include="Light.cpp">
      <Filter>Renderer\Common\Source</Filter>
    </ClCompile>
    <ClCompile Include="Var_Render.cpp">
      <Filter>Renderer\Common\Source</Filter>
    </ClCompile>
    <ClCompile Include="Render.cpp">
      <Filter>Renderer\Common\Source</Filter>
    </ClCompile>
    <ClCompile Include="Parse_Shader.cpp">
      <Filter>Renderer\Common\Source</Filter>
    </ClCompile>
    <ClCompile Include="Character.cpp">
      <Filter>GameLogic\Character\Common\Source</Filter>
    </ClCompile>
    <ClCompile Include="Player.cpp">
      <Filter>GameLogic\Character\Player\Source</Filter>
    </ClCompile>
    <ClCompile Include="Controller_Character.cpp">
      <Filter>GameLogic\Controller\Source</Filter>
    </ClCompile>
    <ClCompile Include="Camera.cpp">
      <Filter>Renderer\Common\Source</Filter>
    </ClCompile>
    <ClCompile Include="Keyboard.cpp">
      <Filter>GameManager\Keyboard\Source</Filter>
    </ClCompile>
    <ClCompile Include="GameManager.cpp">
      <Filter>GameManager\Common\Source</Filter>
    </ClCompile>
    <ClCompile Include="Mouse.cpp">
      <Filter>GameManager\Mouse\Source</Filter>
    </ClCompile>
    <ClCompile Include="GameObject.cpp">
      <Filter>GameManager\Common\Source</Filter>
    </ClCompile>
    <ClCompile Include="Display.cpp">
      <Filter>GameManager\Display\Source</Filter>
    </ClCompile>
    <ClCompile Include="Flags_IO.cpp">
      <Filter>GameManager\Common\Source</Filter>
    </ClCompile>
    <ClCompile Include="Idle.cpp">
      <Filter>GameManager\Idle\Source</Filter>
    </ClCompile>
    <ClCompile Include="Render_Point.cpp">
      <Filter>Renderer\Common\Source</Filter>
    </ClCompile>
    <ClCompile Include="Controller_Object.cpp">
      <Filter>GameLogic\Controller\Source</Filter>
    </ClCompile>
    <ClCompile Include="Controller_Static.cpp">
      <Filter>GameLogic\Controller\Source</Filter>
    </ClCompile>
    <ClCompile Include="Character_Static.cpp">
      <Filter>GameLogic\Character\Common\Source</Filter>
    </ClCompile>
    <ClCompile Include="Render_Water.cpp">
      <Filter>Renderer\Water\Source</Filter>
    </ClCompile>
    <ClCompile Include="Mesh_Water.cpp">
      <Filter>Renderer\Water\Source</Filter>
    </ClCompile>
    <ClCompile Include="Framebuffer.cpp">
      <Filter>Renderer\Common\Source</Filter>
    </ClCompile>
    <ClCompile Include="SelectionBox.cpp">
      <Filter>Renderer\Model\Common\Source</Filter>
    </ClCompile>
    <ClCompile Include="ObjectFinder.cpp">
      <Filter>GameManager\Common\Source</Filter>
    </ClCompile>
    <ClCompile Include="Object_Info.cpp">
      <Filter>Renderer\Model\Common\Source</Filter>
    </ClCompile>
    <ClCompile Include="ModelTransform_Loader.cpp">
      <Filter>GameManager\Common\Source</Filter>
    </ClCompile>
    <ClCompile Include="WindowMenu.cpp">
      <Filter>GameManager\WindowMenu\Source</Filter>
    </ClCompile>
    <ClCompile Include="GUI.cpp">
      <Filter>GameManager\GUI\Source</Filter>
    </ClCompile>
    <ClCompile Include="Mesh_Quad.cpp">
      <Filter>Renderer\Common\Source</Filter>
    </ClCompile>
    <ClCompile Include="Button.cpp">
      <Filter>GameManager\GUI\Source</Filter>
    </ClCompile>
    <ClCompile Include="Font.cpp">
      <Filter>GameManager\GUI\Source</Filter>
    </ClCompile>
    <ClCompile Include="Text.cpp">
      <Filter>GameManager\GUI\Source</Filter>
    </ClCompile>
    <ClCompile Include="Render_Button.cpp">
      <Filter>Renderer\GUI\Source</Filter>
    </ClCompile>
    <ClCompile Include="Render_Text.cpp">
      <Filter>Renderer\GUI\Source</Filter>
    </ClCompile>
    <ClCompile Include="ProgressBar.cpp">
      <Filter>GameManager\GUI\Source</Filter>
    </ClCompile>
    <ClCompile Include="Render_ProgressBar.cpp">
      <Filter>Renderer\GUI\Source</Filter>
    </ClCompile>
    <ClCompile Include="ProgressBar_Tex.cpp">
      <Filter>GameManager\GUI\Source</Filter>
    </ClCompile>
    <ClCompile Include="Terrain.cpp">
      <Filter>Renderer\Terrain\Source</Filter>
    </ClCompile>
    <ClCompile Include="Editor_Terrain.cpp">
      <Filter>Renderer\Terrain\Source</Filter>
    </ClCompile>
    <ClCompile Include="Postprocess.cpp">
      <Filter>Renderer\Postprocess\Source</Filter>
    </ClCompile>
    <ClCompile Include="Render_Postprocess.cpp">
      <Filter>Renderer\Postprocess\Source</Filter>
    </ClCompile>
    <ClCompile Include="Texture_Terrain.cpp">
      <Filter>Renderer\Terrain\Source</Filter>
    </ClCompile>
    <ClCompile Include="Render_Billboard.cpp">
      <Filter>Renderer\Model\Billboard</Filter>
    </ClCompile>
    <ClCompile Include="Mesh_Billboard.cpp">
      <Filter>Renderer\Model\Billboard</Filter>
    </ClCompile>
  </ItemGroup>
  <ItemGroup>
    <ClInclude Include="Mesh_Terrain.h">
      <Filter>Renderer\Terrain\Header</Filter>
    </ClInclude>
    <ClInclude Include="Render_Terrain.h">
      <Filter>Renderer\Terrain\Header</Filter>
    </ClInclude>
    <ClInclude Include="Var_Compute.h">
      <Filter>Renderer\Terrain\Header</Filter>
    </ClInclude>
    <ClInclude Include="Render_Physics_CS.h">
      <Filter>Renderer\Physics_CS\Header</Filter>
    </ClInclude>
    <ClInclude Include="Mesh_Sphere.h">
      <Filter>Renderer\Skymap\Header</Filter>
    </ClInclude>
    <ClInclude Include="Render_Sphere.h">
      <Filter>Renderer\Skymap\Header</Filter>
    </ClInclude>
    <ClInclude Include="Render_Particles.h">
      <Filter>Renderer\Particles\Header</Filter>
    </ClInclude>
    <ClInclude Include="Particles.h">
      <Filter>Renderer\Particles\Header</Filter>
    </ClInclude>
    <ClInclude Include="Model_Animation.h">
      <Filter>Renderer\Model\Animated\Header</Filter>
    </ClInclude>
    <ClInclude Include="Model_NodeAnim.h">
      <Filter>Renderer\Model\Animated\Header</Filter>
    </ClInclude>
    <ClInclude Include="Render_Models_Animated.h">
      <Filter>Renderer\Model\Animated\Header</Filter>
    </ClInclude>
    <ClInclude Include="Model_Scene_Animated.h">
      <Filter>Renderer\Model\Animated\Header</Filter>
    </ClInclude>
    <ClInclude Include="Model_Node.h">
      <Filter>Renderer\Model\Common\Header</Filter>
    </ClInclude>
    <ClInclude Include="Model_Bone.h">
      <Filter>Renderer\Model\Common\Header</Filter>
    </ClInclude>
    <ClInclude Include="Model_Mesh_Animated.h">
      <Filter>Renderer\Model\Animated\Header</Filter>
    </ClInclude>
    <ClInclude Include="Model_Material.h">
      <Filter>Renderer\Model\Common\Header</Filter>
    </ClInclude>
    <ClInclude Include="Model_List.h">
      <Filter>Renderer\Model\Common\Header</Filter>
    </ClInclude>
    <ClInclude Include="Render_Models_Static.h">
      <Filter>Renderer\Model\Static\Header</Filter>
    </ClInclude>
    <ClInclude Include="Model_Mesh_Static.h">
      <Filter>Renderer\Model\Static\Header</Filter>
    </ClInclude>
    <ClInclude Include="Model_Scene_Static.h">
      <Filter>Renderer\Model\Static\Header</Filter>
    </ClInclude>
    <ClInclude Include="GlobalFunctions.h">
      <Filter>Common\Header</Filter>
    </ClInclude>
    <ClInclude Include="Light.h">
      <Filter>Renderer\Common\Header</Filter>
    </ClInclude>
    <ClInclude Include="Parse_Shader.h">
      <Filter>Renderer\Common\Header</Filter>
    </ClInclude>
    <ClInclude Include="Render.h">
      <Filter>Renderer\Common\Header</Filter>
    </ClInclude>
    <ClInclude Include="Var_Render.h">
      <Filter>Renderer\Common\Header</Filter>
    </ClInclude>
    <ClInclude Include="Character.h">
      <Filter>GameLogic\Character\Common\Header</Filter>
    </ClInclude>
    <ClInclude Include="Player.h">
      <Filter>GameLogic\Character\Player\Header</Filter>
    </ClInclude>
    <ClInclude Include="Controller_Character.h">
      <Filter>GameLogic\Controller\Header</Filter>
    </ClInclude>
    <ClInclude Include="Camera.h">
      <Filter>Renderer\Common\Header</Filter>
    </ClInclude>
    <ClInclude Include="Keyboard.h">
      <Filter>GameManager\Keyboard\Header</Filter>
    </ClInclude>
    <ClInclude Include="GameManager.h">
      <Filter>GameManager\Common\Header</Filter>
    </ClInclude>
    <ClInclude Include="Mouse.h">
      <Filter>GameManager\Mouse\Header</Filter>
    </ClInclude>
    <ClInclude Include="GameObject.h">
      <Filter>GameManager\Common\Header</Filter>
    </ClInclude>
    <ClInclude Include="Display.h">
      <Filter>GameManager\Display\Header</Filter>
    </ClInclude>
    <ClInclude Include="Flags_IO.h">
      <Filter>GameManager\Common\Header</Filter>
    </ClInclude>
    <ClInclude Include="Idle.h">
      <Filter>GameManager\Idle\Header</Filter>
    </ClInclude>
    <ClInclude Include="Render_Point.h">
      <Filter>Renderer\Common\Header</Filter>
    </ClInclude>
    <ClInclude Include="Controller_Object.h">
      <Filter>GameLogic\Controller\Header</Filter>
    </ClInclude>
    <ClInclude Include="Object_Info.h">
      <Filter>Renderer\Model\Common\Header</Filter>
    </ClInclude>
    <ClInclude Include="Controller_Static.h">
      <Filter>GameLogic\Controller\Header</Filter>
    </ClInclude>
    <ClInclude Include="Character_Static.h">
      <Filter>GameLogic\Character\Common\Header</Filter>
    </ClInclude>
    <ClInclude Include="Render_Water.h">
      <Filter>Renderer\Water\Header</Filter>
    </ClInclude>
    <ClInclude Include="Mesh_Water.h">
      <Filter>Renderer\Water\Header</Filter>
    </ClInclude>
    <ClInclude Include="Framebuffer.h">
      <Filter>Renderer\Common\Header</Filter>
    </ClInclude>
    <ClInclude Include="SelectionBox.h">
      <Filter>Renderer\Model\Common\Header</Filter>
    </ClInclude>
    <ClInclude Include="ObjectFinder.h">
      <Filter>GameManager\Common\Header</Filter>
    </ClInclude>
    <ClInclude Include="ModelTransform_Loader.h">
      <Filter>GameManager\Common\Header</Filter>
    </ClInclude>
    <ClInclude Include="WindowMenu.h">
      <Filter>GameManager\WindowMenu\Header</Filter>
    </ClInclude>
    <ClInclude Include="GUI.h">
      <Filter>GameManager\GUI\Header</Filter>
    </ClInclude>
    <ClInclude Include="Mesh_Quad.h">
      <Filter>Renderer\Common\Header</Filter>
    </ClInclude>
    <ClInclude Include="Button.h">
      <Filter>GameManager\GUI\Header</Filter>
    </ClInclude>
    <ClInclude Include="Font.h">
      <Filter>GameManager\GUI\Header</Filter>
    </ClInclude>
    <ClInclude Include="Text.h">
      <Filter>GameManager\GUI\Header</Filter>
    </ClInclude>
    <ClInclude Include="Render_Text.h">
      <Filter>Renderer\GUI\Header</Filter>
    </ClInclude>
    <ClInclude Include="Render_Button.h">
      <Filter>Renderer\GUI\Header</Filter>
    </ClInclude>
    <ClInclude Include="ProgressBar.h">
      <Filter>GameManager\GUI\Header</Filter>
    </ClInclude>
    <ClInclude Include="Render_ProgressBar.h">
      <Filter>Renderer\GUI\Header</Filter>
    </ClInclude>
    <ClInclude Include="ProgressBar_Tex.h">
      <Filter>GameManager\GUI\Header</Filter>
    </ClInclude>
    <ClInclude Include="Terrain.h">
      <Filter>Renderer\Terrain\Header</Filter>
    </ClInclude>
    <ClInclude Include="Editor_Terrain.h">
      <Filter>Renderer\Terrain\Header</Filter>
    </ClInclude>
    <ClInclude Include="Postprocess.h">
      <Filter>Renderer\Postprocess\Header</Filter>
    </ClInclude>
    <ClInclude Include="Render_Postprocess.h">
      <Filter>Renderer\Postprocess\Header</Filter>
    </ClInclude>
    <ClInclude Include="Texture_Terrain.h">
      <Filter>Renderer\Terrain\Header</Filter>
    </ClInclude>
    <ClInclude Include="Render_Billboard.h">
      <Filter>Renderer\Model\Billboard</Filter>
    </ClInclude>
    <ClInclude Include="Mesh_Billboard.h">
      <Filter>Renderer\Model\Billboard</Filter>
    </ClInclude>
  </ItemGroup>
  <ItemGroup>
    <None Include="Shader\Terrain.frag">
      <Filter>Renderer\Terrain\Shader</Filter>
    </None>
    <None Include="Shader\Terrain.vert">
      <Filter>Renderer\Terrain\Shader</Filter>
    </None>
    <None Include="Shader\Terrain.comp">
      <Filter>Renderer\Terrain\Shader</Filter>
    </None>
    <None Include="Shader\ads.fs">
      <Filter>Renderer\Physics_CS\Shader</Filter>
    </None>
    <None Include="Shader\ads.vs">
      <Filter>Renderer\Physics_CS\Shader</Filter>
    </None>
    <None Include="Shader\cloth.cs">
      <Filter>Renderer\Physics_CS\Shader</Filter>
    </None>
    <None Include="Shader\cloth_normal.cs">
      <Filter>Renderer\Physics_CS\Shader</Filter>
    </None>
    <None Include="Shader\Particle.comp">
      <Filter>Renderer\Particles\Shader</Filter>
    </None>
    <None Include="Shader\Particle.frag">
      <Filter>Renderer\Particles\Shader</Filter>
    </None>
    <None Include="Shader\Particle.vert">
      <Filter>Renderer\Particles\Shader</Filter>
    </None>
    <None Include="Shader\Particle.geom">
      <Filter>Renderer\Particles\Shader</Filter>
    </None>
    <None Include="Shader\cloth_shared.cs">
      <Filter>Renderer\Physics_CS\Shader</Filter>
    </None>
    <None Include="Res\Models\ModelList_Animated.mdl">
      <Filter>Renderer\Model\Animated\Resource</Filter>
    </None>
    <None Include="Shader\Model_Animated.frag">
      <Filter>Renderer\Model\Animated\Shader</Filter>
    </None>
    <None Include="Shader\Model_Animated.vert">
      <Filter>Renderer\Model\Animated\Shader</Filter>
    </None>
    <None Include="Res\Models\ModelList_Static.mdl">
      <Filter>Renderer\Model\Static\Resource</Filter>
    </None>
    <None Include="Shader\Model_Static.frag">
      <Filter>Renderer\Model\Static\Shader</Filter>
    </None>
    <None Include="Shader\Model_Static.vert">
      <Filter>Renderer\Model\Static\Shader</Filter>
    </None>
    <None Include="Shader\SelectionBox.vert">
      <Filter>Renderer\Common\Shader</Filter>
    </None>
    <None Include="Shader\SelectionBox.frag">
      <Filter>Renderer\Common\Shader</Filter>
    </None>
    <None Include="Shader\Default.frag">
      <Filter>Renderer\Common\Shader</Filter>
    </None>
    <None Include="Shader\Default.vert">
      <Filter>Renderer\Common\Shader</Filter>
    </None>
    <None Include="Res\Models\ModelTransform.mdl">
      <Filter>GameManager\Common\Resource</Filter>
    </None>
    <None Include="Shader\Point.frag">
      <Filter>Renderer\Common\Shader</Filter>
    </None>
    <None Include="Shader\Point.vert">
      <Filter>Renderer\Common\Shader</Filter>
    </None>
    <None Include="Shader\Water.frag">
      <Filter>Renderer\Water\Shader</Filter>
    </None>
    <None Include="Shader\Water.vert">
      <Filter>Renderer\Water\Shader</Filter>
    </None>
    <None Include="Shader\Button.frag">
      <Filter>Renderer\GUI\Shader</Filter>
    </None>
    <None Include="Shader\Button.vert">
      <Filter>Renderer\GUI\Shader</Filter>
    </None>
    <None Include="Shader\Text.frag">
      <Filter>Renderer\GUI\Shader</Filter>
    </None>
    <None Include="Shader\Text.vert">
      <Filter>Renderer\GUI\Shader</Filter>
    </None>
    <None Include="Shader\ProgressBar.frag">
      <Filter>Renderer\GUI\Shader</Filter>
    </None>
    <None Include="Shader\ProgressBar.vert">
      <Filter>Renderer\GUI\Shader</Filter>
    </None>
    <None Include="Shader\Postprocess_Default.frag">
      <Filter>Renderer\Postprocess\Shader</Filter>
    </None>
    <None Include="Shader\Postprocess_Default.vert">
      <Filter>Renderer\Postprocess\Shader</Filter>
    </None>
    <None Include="Shader\Billboard.frag">
      <Filter>Renderer\Model\Billboard</Filter>
    </None>
    <None Include="Shader\Billboard.vert">
      <Filter>Renderer\Model\Billboard</Filter>
    </None>
    <None Include="Shader\Postprocess_GBlur.frag">
      <Filter>Renderer\Postprocess\Shader</Filter>
    </None>
    <None Include="Shader\Postprocess_GBlur.vert">
      <Filter>Renderer\Postprocess\Shader</Filter>
    </None>
  </ItemGroup>
</Project>